
Microsoft Visual Studio Solution File, Format Version 12.00
# Visual Studio 15
VisualStudioVersion = 15.0.28010.2026
MinimumVisualStudioVersion = 10.0.40219.1
Project("{FAE04EC0-301F-11D3-BF4B-00C04F79EFBC}") = "WebPage1", "WebPage1\WebPage1.csproj", "{A4F1581A-6CAC-4249-9B3E-132A53059D1B}"
EndProject
Project("{FAE04EC0-301F-11D3-BF4B-00C04F79EFBC}") = "Zad2", "Zad2\Zad2.csproj", "{F61C7DE8-C1CC-4CB6-B2E7-45CDE38B0D9A}"
EndProject
Project("{FAE04EC0-301F-11D3-BF4B-00C04F79EFBC}") = "AdventureBikeShop", "zadanie3\AdventureBikeShop.csproj", "{6542FA94-24D9-4FE7-B242-D27EA6C3ACF7}"
EndProject
Project("{FAE04EC0-301F-11D3-BF4B-00C04F79EFBC}") = "Zadanie4Bad", "Zadanie4\Zadanie4Bad.csproj", "{BCA65192-EA0C-46EB-AB38-EC5693ECAEAA}"
EndProject
Project("{FAE04EC0-301F-11D3-BF4B-00C04F79EFBC}") = "WingtipToys", "WingtipToys\WingtipToys.csproj", "{D0ED6C16-4471-41A6-A794-23B302C72BA4}"
EndProject
Global
	GlobalSection(SolutionConfigurationPlatforms) = preSolution
		Debug|Any CPU = Debug|Any CPU
		Release|Any CPU = Release|Any CPU
	EndGlobalSection
	GlobalSection(ProjectConfigurationPlatforms) = postSolution
		{A4F1581A-6CAC-4249-9B3E-132A53059D1B}.Debug|Any CPU.ActiveCfg = Debug|Any CPU
		{A4F1581A-6CAC-4249-9B3E-132A53059D1B}.Debug|Any CPU.Build.0 = Debug|Any CPU
		{A4F1581A-6CAC-4249-9B3E-132A53059D1B}.Release|Any CPU.ActiveCfg = Release|Any CPU
		{A4F1581A-6CAC-4249-9B3E-132A53059D1B}.Release|Any CPU.Build.0 = Release|Any CPU
		{F61C7DE8-C1CC-4CB6-B2E7-45CDE38B0D9A}.Debug|Any CPU.ActiveCfg = Debug|Any CPU
		{F61C7DE8-C1CC-4CB6-B2E7-45CDE38B0D9A}.Debug|Any CPU.Build.0 = Debug|Any CPU
		{F61C7DE8-C1CC-4CB6-B2E7-45CDE38B0D9A}.Release|Any CPU.ActiveCfg = Release|Any CPU
		{F61C7DE8-C1CC-4CB6-B2E7-45CDE38B0D9A}.Release|Any CPU.Build.0 = Release|Any CPU
		{6542FA94-24D9-4FE7-B242-D27EA6C3ACF7}.Debug|Any CPU.ActiveCfg = Debug|Any CPU
		{6542FA94-24D9-4FE7-B242-D27EA6C3ACF7}.Debug|Any CPU.Build.0 = Debug|Any CPU
		{6542FA94-24D9-4FE7-B242-D27EA6C3ACF7}.Release|Any CPU.ActiveCfg = Release|Any CPU
		{6542FA94-24D9-4FE7-B242-D27EA6C3ACF7}.Release|Any CPU.Build.0 = Release|Any CPU
		{BCA65192-EA0C-46EB-AB38-EC5693ECAEAA}.Debug|Any CPU.ActiveCfg = Debug|Any CPU
		{BCA65192-EA0C-46EB-AB38-EC5693ECAEAA}.Debug|Any CPU.Build.0 = Debug|Any CPU
		{BCA65192-EA0C-46EB-AB38-EC5693ECAEAA}.Release|Any CPU.ActiveCfg = Release|Any CPU
		{BCA65192-EA0C-46EB-AB38-EC5693ECAEAA}.Release|Any CPU.Build.0 = Release|Any CPU
		{D0ED6C16-4471-41A6-A794-23B302C72BA4}.Debug|Any CPU.ActiveCfg = Debug|Any CPU
		{D0ED6C16-4471-41A6-A794-23B302C72BA4}.Debug|Any CPU.Build.0 = Debug|Any CPU
		{D0ED6C16-4471-41A6-A794-23B302C72BA4}.Release|Any CPU.ActiveCfg = Release|Any CPU
		{D0ED6C16-4471-41A6-A794-23B302C72BA4}.Release|Any CPU.Build.0 = Release|Any CPU
	EndGlobalSection
	GlobalSection(SolutionProperties) = preSolution
		HideSolutionNode = FALSE
	EndGlobalSection
	GlobalSection(ExtensibilityGlobals) = postSolution
		SolutionGuid = {7F67C6D5-C2CD-44CF-BBC7-A878C057DE49}
	EndGlobalSection
EndGlobal
